// !$*UTF8*$!
{
	archiveVersion = 1;
	classes = {
	};
	objectVersion = 56;
	objects = {

/* Begin PBXBuildFile section */
		B3BA7C9B2A751DF800FB39E5 /* NationalRailTestApp.swift in Sources */ = {isa = PBXBuildFile; fileRef = B3BA7C9A2A751DF800FB39E5 /* NationalRailTestApp.swift */; };
		B3BA7C9D2A751DF800FB39E5 /* ContentView.swift in Sources */ = {isa = PBXBuildFile; fileRef = B3BA7C9C2A751DF800FB39E5 /* ContentView.swift */; };
		B3BA7C9F2A751DFA00FB39E5 /* Assets.xcassets in Resources */ = {isa = PBXBuildFile; fileRef = B3BA7C9E2A751DFA00FB39E5 /* Assets.xcassets */; };
		B3BA7CA22A751DFA00FB39E5 /* Preview Assets.xcassets in Resources */ = {isa = PBXBuildFile; fileRef = B3BA7CA12A751DFA00FB39E5 /* Preview Assets.xcassets */; };
		B3BA7CAC2A751DFA00FB39E5 /* NationalRailTestTests.swift in Sources */ = {isa = PBXBuildFile; fileRef = B3BA7CAB2A751DFA00FB39E5 /* NationalRailTestTests.swift */; };
		B3BA7CB62A751DFA00FB39E5 /* NationalRailTestUITests.swift in Sources */ = {isa = PBXBuildFile; fileRef = B3BA7CB52A751DFA00FB39E5 /* NationalRailTestUITests.swift */; };
		B3BA7CB82A751DFA00FB39E5 /* NationalRailTestUITestsLaunchTests.swift in Sources */ = {isa = PBXBuildFile; fileRef = B3BA7CB72A751DFA00FB39E5 /* NationalRailTestUITestsLaunchTests.swift */; };
/* End PBXBuildFile section */

/* Begin PBXContainerItemProxy section */
		B3BA7CA82A751DFA00FB39E5 /* PBXContainerItemProxy */ = {
			isa = PBXContainerItemProxy;
			containerPortal = B3BA7C8F2A751DF800FB39E5 /* Project object */;
			proxyType = 1;
			remoteGlobalIDString = B3BA7C962A751DF800FB39E5;
			remoteInfo = NationalRailTest;
		};
		B3BA7CB22A751DFA00FB39E5 /* PBXContainerItemProxy */ = {
			isa = PBXContainerItemProxy;
			containerPortal = B3BA7C8F2A751DF800FB39E5 /* Project object */;
			proxyType = 1;
			remoteGlobalIDString = B3BA7C962A751DF800FB39E5;
			remoteInfo = NationalRailTest;
		};
/* End PBXContainerItemProxy section */

/* Begin PBXFileReference section */
		B3BA7C972A751DF800FB39E5 /* NationalRailTest.app */ = {isa = PBXFileReference; explicitFileType = wrapper.application; includeInIndex = 0; path = NationalRailTest.app; sourceTree = BUILT_PRODUCTS_DIR; };
		B3BA7C9A2A751DF800FB39E5 /* NationalRailTestApp.swift */ = {isa = PBXFileReference; lastKnownFileType = sourcecode.swift; path = NationalRailTestApp.swift; sourceTree = "<group>"; };
		B3BA7C9C2A751DF800FB39E5 /* ContentView.swift */ = {isa = PBXFileReference; lastKnownFileType = sourcecode.swift; path = ContentView.swift; sourceTree = "<group>"; };
		B3BA7C9E2A751DFA00FB39E5 /* Assets.xcassets */ = {isa = PBXFileReference; lastKnownFileType = folder.assetcatalog; path = Assets.xcassets; sourceTree = "<group>"; };
		B3BA7CA12A751DFA00FB39E5 /* Preview Assets.xcassets */ = {isa = PBXFileReference; lastKnownFileType = folder.assetcatalog; path = "Preview Assets.xcassets"; sourceTree = "<group>"; };
		B3BA7CA72A751DFA00FB39E5 /* NationalRailTestTests.xctest */ = {isa = PBXFileReference; explicitFileType = wrapper.cfbundle; includeInIndex = 0; path = NationalRailTestTests.xctest; sourceTree = BUILT_PRODUCTS_DIR; };
		B3BA7CAB2A751DFA00FB39E5 /* NationalRailTestTests.swift */ = {isa = PBXFileReference; lastKnownFileType = sourcecode.swift; path = NationalRailTestTests.swift; sourceTree = "<group>"; };
		B3BA7CB12A751DFA00FB39E5 /* NationalRailTestUITests.xctest */ = {isa = PBXFileReference; explicitFileType = wrapper.cfbundle; includeInIndex = 0; path = NationalRailTestUITests.xctest; sourceTree = BUILT_PRODUCTS_DIR; };
		B3BA7CB52A751DFA00FB39E5 /* NationalRailTestUITests.swift */ = {isa = PBXFileReference; lastKnownFileType = sourcecode.swift; path = NationalRailTestUITests.swift; sourceTree = "<group>"; };
		B3BA7CB72A751DFA00FB39E5 /* NationalRailTestUITestsLaunchTests.swift */ = {isa = PBXFileReference; lastKnownFileType = sourcecode.swift; path = NationalRailTestUITestsLaunchTests.swift; sourceTree = "<group>"; };
		B3BA7CC82A751F2D00FB39E5 /* Info.plist */ = {isa = PBXFileReference; lastKnownFileType = text.plist; path = Info.plist; sourceTree = "<group>"; };
/* End PBXFileReference section */

/* Begin PBXFrameworksBuildPhase section */
		B3BA7C942A751DF800FB39E5 /* Frameworks */ = {
			isa = PBXFrameworksBuildPhase;
			buildActionMask = 2147483647;
			files = (
			);
			runOnlyForDeploymentPostprocessing = 0;
		};
		B3BA7CA42A751DFA00FB39E5 /* Frameworks */ = {
			isa = PBXFrameworksBuildPhase;
			buildActionMask = 2147483647;
			files = (
			);
			runOnlyForDeploymentPostprocessing = 0;
		};
		B3BA7CAE2A751DFA00FB39E5 /* Frameworks */ = {
			isa = PBXFrameworksBuildPhase;
			buildActionMask = 2147483647;
			files = (
			);
			runOnlyForDeploymentPostprocessing = 0;
		};
/* End PBXFrameworksBuildPhase section */

/* Begin PBXGroup section */
		B3BA7C8E2A751DF800FB39E5 = {
			isa = PBXGroup;
			children = (
				B3BA7C992A751DF800FB39E5 /* NationalRailTest */,
				B3BA7CAA2A751DFA00FB39E5 /* NationalRailTestTests */,
				B3BA7CB42A751DFA00FB39E5 /* NationalRailTestUITests */,
				B3BA7C982A751DF800FB39E5 /* Products */,
			);
			sourceTree = "<group>";
		};
		B3BA7C982A751DF800FB39E5 /* Products */ = {
			isa = PBXGroup;
			children = (
				B3BA7C972A751DF800FB39E5 /* NationalRailTest.app */,
				B3BA7CA72A751DFA00FB39E5 /* NationalRailTestTests.xctest */,
				B3BA7CB12A751DFA00FB39E5 /* NationalRailTestUITests.xctest */,
			);
			name = Products;
			sourceTree = "<group>";
		};
		B3BA7C992A751DF800FB39E5 /* NationalRailTest */ = {
			isa = PBXGroup;
			children = (
				B3BA7CC82A751F2D00FB39E5 /* Info.plist */,
				B3BA7C9A2A751DF800FB39E5 /* NationalRailTestApp.swift */,
				B3BA7CC62A751ED800FB39E5 /* Resources */,
				B3BA7CC52A751ECD00FB39E5 /* Views */,
				B3BA7CC42A751EC500FB39E5 /* App */,
				B3BA7C9C2A751DF800FB39E5 /* ContentView.swift */,
				B3BA7C9E2A751DFA00FB39E5 /* Assets.xcassets */,
				B3BA7CA02A751DFA00FB39E5 /* Preview Content */,
			);
			path = NationalRailTest;
			sourceTree = "<group>";
		};
		B3BA7CA02A751DFA00FB39E5 /* Preview Content */ = {
			isa = PBXGroup;
			children = (
				B3BA7CA12A751DFA00FB39E5 /* Preview Assets.xcassets */,
			);
			path = "Preview Content";
			sourceTree = "<group>";
		};
		B3BA7CAA2A751DFA00FB39E5 /* NationalRailTestTests */ = {
			isa = PBXGroup;
			children = (
				B3BA7CAB2A751DFA00FB39E5 /* NationalRailTestTests.swift */,
			);
			path = NationalRailTestTests;
			sourceTree = "<group>";
		};
		B3BA7CB42A751DFA00FB39E5 /* NationalRailTestUITests */ = {
			isa = PBXGroup;
			children = (
				B3BA7CB52A751DFA00FB39E5 /* NationalRailTestUITests.swift */,
				B3BA7CB72A751DFA00FB39E5 /* NationalRailTestUITestsLaunchTests.swift */,
			);
			path = NationalRailTestUITests;
			sourceTree = "<group>";
		};
		B3BA7CC42A751EC500FB39E5 /* App */ = {
			isa = PBXGroup;
			children = (
			);
			path = App;
			sourceTree = "<group>";
		};
		B3BA7CC52A751ECD00FB39E5 /* Views */ = {
			isa = PBXGroup;
			children = (
			);
			path = Views;
			sourceTree = "<group>";
		};
		B3BA7CC62A751ED800FB39E5 /* Resources */ = {
			isa = PBXGroup;
			children = (
			);
			path = Resources;
			sourceTree = "<group>";
		};
/* End PBXGroup section */

/* Begin PBXNativeTarget section */
		B3BA7C962A751DF800FB39E5 /* NationalRailTest */ = {
			isa = PBXNativeTarget;
			buildConfigurationList = B3BA7CBB2A751DFA00FB39E5 /* Build configuration list for PBXNativeTarget "NationalRailTest" */;
			buildPhases = (
				B3BA7C932A751DF800FB39E5 /* Sources */,
				B3BA7C942A751DF800FB39E5 /* Frameworks */,
				B3BA7C952A751DF800FB39E5 /* Resources */,
			);
			buildRules = (
			);
			dependencies = (
			);
			name = NationalRailTest;
			productName = NationalRailTest;
			productReference = B3BA7C972A751DF800FB39E5 /* NationalRailTest.app */;
			productType = "com.apple.product-type.application";
		};
		B3BA7CA62A751DFA00FB39E5 /* NationalRailTestTests */ = {
			isa = PBXNativeTarget;
			buildConfigurationList = B3BA7CBE2A751DFA00FB39E5 /* Build configuration list for PBXNativeTarget "NationalRailTestTests" */;
			buildPhases = (
				B3BA7CA32A751DFA00FB39E5 /* Sources */,
				B3BA7CA42A751DFA00FB39E5 /* Frameworks */,
				B3BA7CA52A751DFA00FB39E5 /* Resources */,
			);
			buildRules = (
			);
			dependencies = (
				B3BA7CA92A751DFA00FB39E5 /* PBXTargetDependency */,
			);
			name = NationalRailTestTests;
			productName = NationalRailTestTests;
			productReference = B3BA7CA72A751DFA00FB39E5 /* NationalRailTestTests.xctest */;
			productType = "com.apple.product-type.bundle.unit-test";
		};
		B3BA7CB02A751DFA00FB39E5 /* NationalRailTestUITests */ = {
			isa = PBXNativeTarget;
			buildConfigurationList = B3BA7CC12A751DFA00FB39E5 /* Build configuration list for PBXNativeTarget "NationalRailTestUITests" */;
			buildPhases = (
				B3BA7CAD2A751DFA00FB39E5 /* Sources */,
				B3BA7CAE2A751DFA00FB39E5 /* Frameworks */,
				B3BA7CAF2A751DFA00FB39E5 /* Resources */,
			);
			buildRules = (
			);
			dependencies = (
				B3BA7CB32A751DFA00FB39E5 /* PBXTargetDependency */,
			);
			name = NationalRailTestUITests;
			productName = NationalRailTestUITests;
			productReference = B3BA7CB12A751DFA00FB39E5 /* NationalRailTestUITests.xctest */;
			productType = "com.apple.product-type.bundle.ui-testing";
		};
/* End PBXNativeTarget section */

/* Begin PBXProject section */
		B3BA7C8F2A751DF800FB39E5 /* Project object */ = {
			isa = PBXProject;
			attributes = {
				BuildIndependentTargetsInParallel = 1;
				LastSwiftUpdateCheck = 1430;
				LastUpgradeCheck = 1430;
				TargetAttributes = {
					B3BA7C962A751DF800FB39E5 = {
						CreatedOnToolsVersion = 14.3.1;
					};
					B3BA7CA62A751DFA00FB39E5 = {
						CreatedOnToolsVersion = 14.3.1;
						TestTargetID = B3BA7C962A751DF800FB39E5;
					};
					B3BA7CB02A751DFA00FB39E5 = {
						CreatedOnToolsVersion = 14.3.1;
						TestTargetID = B3BA7C962A751DF800FB39E5;
					};
				};
			};
			buildConfigurationList = B3BA7C922A751DF800FB39E5 /* Build configuration list for PBXProject "NationalRailTest" */;
			compatibilityVersion = "Xcode 14.0";
			developmentRegion = en;
			hasScannedForEncodings = 0;
			knownRegions = (
				en,
				Base,
			);
			mainGroup = B3BA7C8E2A751DF800FB39E5;
			productRefGroup = B3BA7C982A751DF800FB39E5 /* Products */;
			projectDirPath = "";
			projectRoot = "";
			targets = (
				B3BA7C962A751DF800FB39E5 /* NationalRailTest */,
				B3BA7CA62A751DFA00FB39E5 /* NationalRailTestTests */,
				B3BA7CB02A751DFA00FB39E5 /* NationalRailTestUITests */,
			);
		};
/* End PBXProject section */

/* Begin PBXResourcesBuildPhase section */
		B3BA7C952A751DF800FB39E5 /* Resources */ = {
			isa = PBXResourcesBuildPhase;
			buildActionMask = 2147483647;
			files = (
				B3BA7CA22A751DFA00FB39E5 /* Preview Assets.xcassets in Resources */,
				B3BA7C9F2A751DFA00FB39E5 /* Assets.xcassets in Resources */,
			);
			runOnlyForDeploymentPostprocessing = 0;
		};
		B3BA7CA52A751DFA00FB39E5 /* Resources */ = {
			isa = PBXResourcesBuildPhase;
			buildActionMask = 2147483647;
			files = (
			);
			runOnlyForDeploymentPostprocessing = 0;
		};
		B3BA7CAF2A751DFA00FB39E5 /* Resources */ = {
			isa = PBXResourcesBuildPhase;
			buildActionMask = 2147483647;
			files = (
			);
			runOnlyForDeploymentPostprocessing = 0;
		};
/* End PBXResourcesBuildPhase section */

/* Begin PBXSourcesBuildPhase section */
		B3BA7C932A751DF800FB39E5 /* Sources */ = {
			isa = PBXSourcesBuildPhase;
			buildActionMask = 2147483647;
			files = (
				B3BA7C9D2A751DF800FB39E5 /* ContentView.swift in Sources */,
				B3BA7C9B2A751DF800FB39E5 /* NationalRailTestApp.swift in Sources */,
			);
			runOnlyForDeploymentPostprocessing = 0;
		};
		B3BA7CA32A751DFA00FB39E5 /* Sources */ = {
			isa = PBXSourcesBuildPhase;
			buildActionMask = 2147483647;
			files = (
				B3BA7CAC2A751DFA00FB39E5 /* NationalRailTestTests.swift in Sources */,
			);
			runOnlyForDeploymentPostprocessing = 0;
		};
		B3BA7CAD2A751DFA00FB39E5 /* Sources */ = {
			isa = PBXSourcesBuildPhase;
			buildActionMask = 2147483647;
			files = (
				B3BA7CB82A751DFA00FB39E5 /* NationalRailTestUITestsLaunchTests.swift in Sources */,
				B3BA7CB62A751DFA00FB39E5 /* NationalRailTestUITests.swift in Sources */,
			);
			runOnlyForDeploymentPostprocessing = 0;
		};
/* End PBXSourcesBuildPhase section */

/* Begin PBXTargetDependency section */
		B3BA7CA92A751DFA00FB39E5 /* PBXTargetDependency */ = {
			isa = PBXTargetDependency;
			target = B3BA7C962A751DF800FB39E5 /* NationalRailTest */;
			targetProxy = B3BA7CA82A751DFA00FB39E5 /* PBXContainerItemProxy */;
		};
		B3BA7CB32A751DFA00FB39E5 /* PBXTargetDependency */ = {
			isa = PBXTargetDependency;
			target = B3BA7C962A751DF800FB39E5 /* NationalRailTest */;
			targetProxy = B3BA7CB22A751DFA00FB39E5 /* PBXContainerItemProxy */;
		};
/* End PBXTargetDependency section */

/* Begin XCBuildConfiguration section */
		B3BA7CB92A751DFA00FB39E5 /* Debug */ = {
			isa = XCBuildConfiguration;
			buildSettings = {
				ALWAYS_SEARCH_USER_PATHS = NO;
				CLANG_ANALYZER_NONNULL = YES;
				CLANG_ANALYZER_NUMBER_OBJECT_CONVERSION = YES_AGGRESSIVE;
				CLANG_CXX_LANGUAGE_STANDARD = "gnu++20";
				CLANG_ENABLE_MODULES = YES;
				CLANG_ENABLE_OBJC_ARC = YES;
				CLANG_ENABLE_OBJC_WEAK = YES;
				CLANG_WARN_BLOCK_CAPTURE_AUTORELEASING = YES;
				CLANG_WARN_BOOL_CONVERSION = YES;
				CLANG_WARN_COMMA = YES;
				CLANG_WARN_CONSTANT_CONVERSION = YES;
				CLANG_WARN_DEPRECATED_OBJC_IMPLEMENTATIONS = YES;
				CLANG_WARN_DIRECT_OBJC_ISA_USAGE = YES_ERROR;
				CLANG_WARN_DOCUMENTATION_COMMENTS = YES;
				CLANG_WARN_EMPTY_BODY = YES;
				CLANG_WARN_ENUM_CONVERSION = YES;
				CLANG_WARN_INFINITE_RECURSION = YES;
				CLANG_WARN_INT_CONVERSION = YES;
				CLANG_WARN_NON_LITERAL_NULL_CONVERSION = YES;
				CLANG_WARN_OBJC_IMPLICIT_RETAIN_SELF = YES;
				CLANG_WARN_OBJC_LITERAL_CONVERSION = YES;
				CLANG_WARN_OBJC_ROOT_CLASS = YES_ERROR;
				CLANG_WARN_QUOTED_INCLUDE_IN_FRAMEWORK_HEADER = YES;
				CLANG_WARN_RANGE_LOOP_ANALYSIS = YES;
				CLANG_WARN_STRICT_PROTOTYPES = YES;
				CLANG_WARN_SUSPICIOUS_MOVE = YES;
				CLANG_WARN_UNGUARDED_AVAILABILITY = YES_AGGRESSIVE;
				CLANG_WARN_UNREACHABLE_CODE = YES;
				CLANG_WARN__DUPLICATE_METHOD_MATCH = YES;
				COPY_PHASE_STRIP = NO;
				DEBUG_INFORMATION_FORMAT = dwarf;
				ENABLE_STRICT_OBJC_MSGSEND = YES;
				ENABLE_TESTABILITY = YES;
				GCC_C_LANGUAGE_STANDARD = gnu11;
				GCC_DYNAMIC_NO_PIC = NO;
				GCC_NO_COMMON_BLOCKS = YES;
				GCC_OPTIMIZATION_LEVEL = 0;
				GCC_PREPROCESSOR_DEFINITIONS = (
					"DEBUG=1",
					"$(inherited)",
				);
				GCC_WARN_64_TO_32_BIT_CONVERSION = YES;
				GCC_WARN_ABOUT_RETURN_TYPE = YES_ERROR;
				GCC_WARN_UNDECLARED_SELECTOR = YES;
				GCC_WARN_UNINITIALIZED_AUTOS = YES_AGGRESSIVE;
				GCC_WARN_UNUSED_FUNCTION = YES;
				GCC_WARN_UNUSED_VARIABLE = YES;
				IPHONEOS_DEPLOYMENT_TARGET = 16.4;
				MTL_ENABLE_DEBUG_INFO = INCLUDE_SOURCE;
				MTL_FAST_MATH = YES;
				ONLY_ACTIVE_ARCH = YES;
				SDKROOT = iphoneos;
				SWIFT_ACTIVE_COMPILATION_CONDITIONS = DEBUG;
				SWIFT_OPTIMIZATION_LEVEL = "-Onone";
			};
			name = Debug;
		};
		B3BA7CBA2A751DFA00FB39E5 /* Release */ = {
			isa = XCBuildConfiguration;
			buildSettings = {
				ALWAYS_SEARCH_USER_PATHS = NO;
				CLANG_ANALYZER_NONNULL = YES;
				CLANG_ANALYZER_NUMBER_OBJECT_CONVERSION = YES_AGGRESSIVE;
				CLANG_CXX_LANGUAGE_STANDARD = "gnu++20";
				CLANG_ENABLE_MODULES = YES;
				CLANG_ENABLE_OBJC_ARC = YES;
				CLANG_ENABLE_OBJC_WEAK = YES;
				CLANG_WARN_BLOCK_CAPTURE_AUTORELEASING = YES;
				CLANG_WARN_BOOL_CONVERSION = YES;
				CLANG_WARN_COMMA = YES;
				CLANG_WARN_CONSTANT_CONVERSION = YES;
				CLANG_WARN_DEPRECATED_OBJC_IMPLEMENTATIONS = YES;
				CLANG_WARN_DIRECT_OBJC_ISA_USAGE = YES_ERROR;
				CLANG_WARN_DOCUMENTATION_COMMENTS = YES;
				CLANG_WARN_EMPTY_BODY = YES;
				CLANG_WARN_ENUM_CONVERSION = YES;
				CLANG_WARN_INFINITE_RECURSION = YES;
				CLANG_WARN_INT_CONVERSION = YES;
				CLANG_WARN_NON_LITERAL_NULL_CONVERSION = YES;
				CLANG_WARN_OBJC_IMPLICIT_RETAIN_SELF = YES;
				CLANG_WARN_OBJC_LITERAL_CONVERSION = YES;
				CLANG_WARN_OBJC_ROOT_CLASS = YES_ERROR;
				CLANG_WARN_QUOTED_INCLUDE_IN_FRAMEWORK_HEADER = YES;
				CLANG_WARN_RANGE_LOOP_ANALYSIS = YES;
				CLANG_WARN_STRICT_PROTOTYPES = YES;
				CLANG_WARN_SUSPICIOUS_MOVE = YES;
				CLANG_WARN_UNGUARDED_AVAILABILITY = YES_AGGRESSIVE;
				CLANG_WARN_UNREACHABLE_CODE = YES;
				CLANG_WARN__DUPLICATE_METHOD_MATCH = YES;
				COPY_PHASE_STRIP = NO;
				DEBUG_INFORMATION_FORMAT = "dwarf-with-dsym";
				ENABLE_NS_ASSERTIONS = NO;
				ENABLE_STRICT_OBJC_MSGSEND = YES;
				GCC_C_LANGUAGE_STANDARD = gnu11;
				GCC_NO_COMMON_BLOCKS = YES;
				GCC_WARN_64_TO_32_BIT_CONVERSION = YES;
				GCC_WARN_ABOUT_RETURN_TYPE = YES_ERROR;
				GCC_WARN_UNDECLARED_SELECTOR = YES;
				GCC_WARN_UNINITIALIZED_AUTOS = YES_AGGRESSIVE;
				GCC_WARN_UNUSED_FUNCTION = YES;
				GCC_WARN_UNUSED_VARIABLE = YES;
				IPHONEOS_DEPLOYMENT_TARGET = 16.4;
				MTL_ENABLE_DEBUG_INFO = NO;
				MTL_FAST_MATH = YES;
				SDKROOT = iphoneos;
				SWIFT_COMPILATION_MODE = wholemodule;
				SWIFT_OPTIMIZATION_LEVEL = "-O";
				VALIDATE_PRODUCT = YES;
			};
			name = Release;
		};
		B3BA7CBC2A751DFA00FB39E5 /* Debug */ = {
			isa = XCBuildConfiguration;
			buildSettings = {
				ASSETCATALOG_COMPILER_APPICON_NAME = AppIcon;
				ASSETCATALOG_COMPILER_GLOBAL_ACCENT_COLOR_NAME = AccentColor;
				CODE_SIGN_STYLE = Automatic;
				CURRENT_PROJECT_VERSION = 1;
				DEVELOPMENT_ASSET_PATHS = "\"NationalRailTest/Preview Content\"";
				DEVELOPMENT_TEAM = 38BRD9SJV7;
				ENABLE_PREVIEWS = YES;
				GENERATE_INFOPLIST_FILE = YES;
				INFOPLIST_FILE = NationalRailTest/Info.plist;
				INFOPLIST_KEY_UIApplicationSceneManifest_Generation = YES;
				INFOPLIST_KEY_UIApplicationSupportsIndirectInputEvents = YES;
				INFOPLIST_KEY_UILaunchScreen_Generation = YES;
				INFOPLIST_KEY_UISupportedInterfaceOrientations_iPad = "UIInterfaceOrientationPortrait UIInterfaceOrientationPortraitUpsideDown UIInterfaceOrientationLandscapeLeft UIInterfaceOrientationLandscapeRight";
				INFOPLIST_KEY_UISupportedInterfaceOrientations_iPhone = "UIInterfaceOrientationPortrait UIInterfaceOrientationLandscapeLeft UIInterfaceOrientationLandscapeRight";
				LD_RUNPATH_SEARCH_PATHS = (
					"$(inherited)",
					"@executable_path/Frameworks",
				);
				MARKETING_VERSION = 1.0;
				PRODUCT_BUNDLE_IDENTIFIER = com.mikhailBorisov.NationalRailTest;
				PRODUCT_NAME = "$(TARGET_NAME)";
				SWIFT_EMIT_LOC_STRINGS = YES;
				SWIFT_VERSION = 5.0;
				TARGETED_DEVICE_FAMILY = "1,2";
			};
			name = Debug;
		};
		B3BA7CBD2A751DFA00FB39E5 /* Release */ = {
			isa = XCBuildConfiguration;
			buildSettings = {
				ASSETCATALOG_COMPILER_APPICON_NAME = AppIcon;
				ASSETCATALOG_COMPILER_GLOBAL_ACCENT_COLOR_NAME = AccentColor;
				CODE_SIGN_STYLE = Automatic;
				CURRENT_PROJECT_VERSION = 1;
				DEVELOPMENT_ASSET_PATHS = "\"NationalRailTest/Preview Content\"";
				DEVELOPMENT_TEAM = 38BRD9SJV7;
				ENABLE_PREVIEWS = YES;
				GENERATE_INFOPLIST_FILE = YES;
				INFOPLIST_FILE = NationalRailTest/Info.plist;
				INFOPLIST_KEY_UIApplicationSceneManifest_Generation = YES;
				INFOPLIST_KEY_UIApplicationSupportsIndirectInputEvents = YES;
				INFOPLIST_KEY_UILaunchScreen_Generation = YES;
				INFOPLIST_KEY_UISupportedInterfaceOrientations_iPad = "UIInterfaceOrientationPortrait UIInterfaceOrientationPortraitUpsideDown UIInterfaceOrientationLandscapeLeft UIInterfaceOrientationLandscapeRight";
				INFOPLIST_KEY_UISupportedInterfaceOrientations_iPhone = "UIInterfaceOrientationPortrait UIInterfaceOrientationLandscapeLeft UIInterfaceOrientationLandscapeRight";
				LD_RUNPATH_SEARCH_PATHS = (
					"$(inherited)",
					"@executable_path/Frameworks",
				);
				MARKETING_VERSION = 1.0;
				PRODUCT_BUNDLE_IDENTIFIER = com.mikhailBorisov.NationalRailTest;
				PRODUCT_NAME = "$(TARGET_NAME)";
				SWIFT_EMIT_LOC_STRINGS = YES;
				SWIFT_VERSION = 5.0;
				TARGETED_DEVICE_FAMILY = "1,2";
			};
			name = Release;
		};
		B3BA7CBF2A751DFA00FB39E5 /* Debug */ = {
			isa = XCBuildConfiguration;
			buildSettings = {
				ALWAYS_EMBED_SWIFT_STANDARD_LIBRARIES = YES;
				BUNDLE_LOADER = "$(TEST_HOST)";
				CODE_SIGN_STYLE = Automatic;
				CURRENT_PROJECT_VERSION = 1;
				DEVELOPMENT_TEAM = 38BRD9SJV7;
				GENERATE_INFOPLIST_FILE = YES;
				IPHONEOS_DEPLOYMENT_TARGET = 16.4;
				MARKETING_VERSION = 1.0;
				PRODUCT_BUNDLE_IDENTIFIER = com.mikhailBorisov.NationalRailTestTests;
				PRODUCT_NAME = "$(TARGET_NAME)";
				SWIFT_EMIT_LOC_STRINGS = NO;
				SWIFT_VERSION = 5.0;
				TARGETED_DEVICE_FAMILY = "1,2";
				TEST_HOST = "$(BUILT_PRODUCTS_DIR)/NationalRailTest.app/$(BUNDLE_EXECUTABLE_FOLDER_PATH)/NationalRailTest";
			};
			name = Debug;
		};
		B3BA7CC02A751DFA00FB39E5 /* Release */ = {
			isa = XCBuildConfiguration;
			buildSettings = {
				ALWAYS_EMBED_SWIFT_STANDARD_LIBRARIES = YES;
				BUNDLE_LOADER = "$(TEST_HOST)";
				CODE_SIGN_STYLE = Automatic;
				CURRENT_PROJECT_VERSION = 1;
				DEVELOPMENT_TEAM = 38BRD9SJV7;
				GENERATE_INFOPLIST_FILE = YES;
				IPHONEOS_DEPLOYMENT_TARGET = 16.4;
				MARKETING_VERSION = 1.0;
				PRODUCT_BUNDLE_IDENTIFIER = com.mikhailBorisov.NationalRailTestTests;
				PRODUCT_NAME = "$(TARGET_NAME)";
				SWIFT_EMIT_LOC_STRINGS = NO;
				SWIFT_VERSION = 5.0;
				TARGETED_DEVICE_FAMILY = "1,2";
				TEST_HOST = "$(BUILT_PRODUCTS_DIR)/NationalRailTest.app/$(BUNDLE_EXECUTABLE_FOLDER_PATH)/NationalRailTest";
			};
			name = Release;
		};
		B3BA7CC22A751DFA00FB39E5 /* Debug */ = {
			isa = XCBuildConfiguration;
			buildSettings = {
				ALWAYS_EMBED_SWIFT_STANDARD_LIBRARIES = YES;
				CODE_SIGN_STYLE = Automatic;
				CURRENT_PROJECT_VERSION = 1;
				DEVELOPMENT_TEAM = 38BRD9SJV7;
				GENERATE_INFOPLIST_FILE = YES;
				MARKETING_VERSION = 1.0;
				PRODUCT_BUNDLE_IDENTIFIER = com.mikhailBorisov.NationalRailTestUITests;
				PRODUCT_NAME = "$(TARGET_NAME)";
				SWIFT_EMIT_LOC_STRINGS = NO;
				SWIFT_VERSION = 5.0;
				TARGETED_DEVICE_FAMILY = "1,2";
				TEST_TARGET_NAME = NationalRailTest;
			};
			name = Debug;
		};
		B3BA7CC32A751DFA00FB39E5 /* Release */ = {
			isa = XCBuildConfiguration;
			buildSettings = {
				ALWAYS_EMBED_SWIFT_STANDARD_LIBRARIES = YES;
				CODE_SIGN_STYLE = Automatic;
				CURRENT_PROJECT_VERSION = 1;
				DEVELOPMENT_TEAM = 38BRD9SJV7;
				GENERATE_INFOPLIST_FILE = YES;
				MARKETING_VERSION = 1.0;
				PRODUCT_BUNDLE_IDENTIFIER = com.mikhailBorisov.NationalRailTestUITests;
				PRODUCT_NAME = "$(TARGET_NAME)";
				SWIFT_EMIT_LOC_STRINGS = NO;
				SWIFT_VERSION = 5.0;
				TARGETED_DEVICE_FAMILY = "1,2";
				TEST_TARGET_NAME = NationalRailTest;
			};
			name = Release;
		};
/* End XCBuildConfiguration section */

/* Begin XCConfigurationList section */
		B3BA7C922A751DF800FB39E5 /* Build configuration list for PBXProject "NationalRailTest" */ = {
			isa = XCConfigurationList;
			buildConfigurations = (
				B3BA7CB92A751DFA00FB39E5 /* Debug */,
				B3BA7CBA2A751DFA00FB39E5 /* Release */,
			);
			defaultConfigurationIsVisible = 0;
			defaultConfigurationName = Release;
		};
		B3BA7CBB2A751DFA00FB39E5 /* Build configuration list for PBXNativeTarget "NationalRailTest" */ = {
			isa = XCConfigurationList;
			buildConfigurations = (
				B3BA7CBC2A751DFA00FB39E5 /* Debug */,
				B3BA7CBD2A751DFA00FB39E5 /* Release */,
			);
			defaultConfigurationIsVisible = 0;
			defaultConfigurationName = Release;
		};
		B3BA7CBE2A751DFA00FB39E5 /* Build configuration list for PBXNativeTarget "NationalRailTestTests" */ = {
			isa = XCConfigurationList;
			buildConfigurations = (
				B3BA7CBF2A751DFA00FB39E5 /* Debug */,
				B3BA7CC02A751DFA00FB39E5 /* Release */,
			);
			defaultConfigurationIsVisible = 0;
			defaultConfigurationName = Release;
		};
		B3BA7CC12A751DFA00FB39E5 /* Build configuration list for PBXNativeTarget "NationalRailTestUITests" */ = {
			isa = XCConfigurationList;
			buildConfigurations = (
				B3BA7CC22A751DFA00FB39E5 /* Debug */,
				B3BA7CC32A751DFA00FB39E5 /* Release */,
			);
			defaultConfigurationIsVisible = 0;
			defaultConfigurationName = Release;
		};
/* End XCConfigurationList section */
	};
	rootObject = B3BA7C8F2A751DF800FB39E5 /* Project object */;
}
